dependencies:
- name: kube-prometheus-stack
  repository: https://prometheus-community.github.io/helm-charts
  version: 13.7.0
- name: prometheus
  repository: https://prometheus-community.github.io/helm-charts
  version: 13.3.1
- name: grafana
  repository: https://grafana.github.io/helm-charts
  version: 6.3.0
digest: sha256:2d8b2a86bcdf53fd67fa30eb273146238bd82bfcff82f162f98e85e521c1fcb9
generated: "2021-02-12T14:14:55.9569414-05:00"
